// !$*UTF8*$!
{
	archiveVersion = 1;
	classes = {
	};
	objectVersion = 46;
	objects = {

/* Begin PBXBuildFile section */
		7A929D811D4480F9004D0406 /* main.m in Sources */ = {isa = PBXBuildFile; fileRef = 7A929D801D4480F9004D0406 /* main.m */; };
		7A929D841D4480F9004D0406 /* AppDelegate.m in Sources */ = {isa = PBXBuildFile; fileRef = 7A929D831D4480F9004D0406 /* AppDelegate.m */; };
		7A929D8A1D4480F9004D0406 /* Main.storyboard in Resources */ = {isa = PBXBuildFile; fileRef = 7A929D881D4480F9004D0406 /* Main.storyboard */; };
		7A929D8C1D4480F9004D0406 /* Assets.xcassets in Resources */ = {isa = PBXBuildFile; fileRef = 7A929D8B1D4480F9004D0406 /* Assets.xcassets */; };
		7A929D8F1D4480F9004D0406 /* LaunchScreen.storyboard in Resources */ = {isa = PBXBuildFile; fileRef = 7A929D8D1D4480F9004D0406 /* LaunchScreen.storyboard */; };
		7A929D9A1D4480FA004D0406 /* ScrollerView_LayoutTests.m in Sources */ = {isa = PBXBuildFile; fileRef = 7A929D991D4480FA004D0406 /* ScrollerView_LayoutTests.m */; };
		7A929DA51D4480FA004D0406 /* ScrollerView_LayoutUITests.m in Sources */ = {isa = PBXBuildFile; fileRef = 7A929DA41D4480FA004D0406 /* ScrollerView_LayoutUITests.m */; };
		7A929DB41D44864C004D0406 /* HomeViewController.m in Sources */ = {isa = PBXBuildFile; fileRef = 7A929DB31D44864C004D0406 /* HomeViewController.m */; };
/* End PBXBuildFile section */

/* Begin PBXContainerItemProxy section */
		7A929D961D4480FA004D0406 /* PBXContainerItemProxy */ = {
			isa = PBXContainerItemProxy;
			containerPortal = 7A929D741D4480F9004D0406 /* Project object */;
			proxyType = 1;
			remoteGlobalIDString = 7A929D7B1D4480F9004D0406;
			remoteInfo = "ScrollerView Layout";
		};
		7A929DA11D4480FA004D0406 /* PBXContainerItemProxy */ = {
			isa = PBXContainerItemProxy;
			containerPortal = 7A929D741D4480F9004D0406 /* Project object */;
			proxyType = 1;
			remoteGlobalIDString = 7A929D7B1D4480F9004D0406;
			remoteInfo = "ScrollerView Layout";
		};
/* End PBXContainerItemProxy section */

/* Begin PBXFileReference section */
		7A929D7C1D4480F9004D0406 /* ScrollerView Layout.app */ = {isa = PBXFileReference; explicitFileType = wrapper.application; includeInIndex = 0; path = "ScrollerView Layout.app"; sourceTree = BUILT_PRODUCTS_DIR; };
		7A929D801D4480F9004D0406 /* main.m */ = {isa = PBXFileReference; lastKnownFileType = sourcecode.c.objc; path = main.m; sourceTree = "<group>"; };
		7A929D821D4480F9004D0406 /* AppDelegate.h */ = {isa = PBXFileReference; lastKnownFileType = sourcecode.c.h; path = AppDelegate.h; sourceTree = "<group>"; };
		7A929D831D4480F9004D0406 /* AppDelegate.m */ = {isa = PBXFileReference; lastKnownFileType = sourcecode.c.objc; path = AppDelegate.m; sourceTree = "<group>"; };
		7A929D891D4480F9004D0406 /* Base */ = {isa = PBXFileReference; lastKnownFileType = file.storyboard; name = Base; path = Base.lproj/Main.storyboard; sourceTree = "<group>"; };
		7A929D8B1D4480F9004D0406 /* Assets.xcassets */ = {isa = PBXFileReference; lastKnownFileType = folder.assetcatalog; path = Assets.xcassets; sourceTree = "<group>"; };
		7A929D8E1D4480F9004D0406 /* Base */ = {isa = PBXFileReference; lastKnownFileType = file.storyboard; name = Base; path = Base.lproj/LaunchScreen.storyboard; sourceTree = "<group>"; };
		7A929D901D4480FA004D0406 /* Info.plist */ = {isa = PBXFileReference; lastKnownFileType = text.plist.xml; path = Info.plist; sourceTree = "<group>"; };
		7A929D951D4480FA004D0406 /* ScrollerView LayoutTests.xctest */ = {isa = PBXFileReference; explicitFileType = wrapper.cfbundle; includeInIndex = 0; path = "ScrollerView LayoutTests.xctest"; sourceTree = BUILT_PRODUCTS_DIR; };
		7A929D991D4480FA004D0406 /* ScrollerView_LayoutTests.m */ = {isa = PBXFileReference; lastKnownFileType = sourcecode.c.objc; path = ScrollerView_LayoutTests.m; sourceTree = "<group>"; };
		7A929D9B1D4480FA004D0406 /* Info.plist */ = {isa = PBXFileReference; lastKnownFileType = text.plist.xml; path = Info.plist; sourceTree = "<group>"; };
		7A929DA01D4480FA004D0406 /* ScrollerView LayoutUITests.xctest */ = {isa = PBXFileReference; explicitFileType = wrapper.cfbundle; includeInIndex = 0; path = "ScrollerView LayoutUITests.xctest"; sourceTree = BUILT_PRODUCTS_DIR; };
		7A929DA41D4480FA004D0406 /* ScrollerView_LayoutUITests.m */ = {isa = PBXFileReference; lastKnownFileType = sourcecode.c.objc; path = ScrollerView_LayoutUITests.m; sourceTree = "<group>"; };
		7A929DA61D4480FA004D0406 /* Info.plist */ = {isa = PBXFileReference; lastKnownFileType = text.plist.xml; path = Info.plist; sourceTree = "<group>"; };
		7A929DB21D44864C004D0406 /* HomeViewController.h */ = {isa = PBXFileReference; fileEncoding = 4; lastKnownFileType = sourcecode.c.h; name = HomeViewController.h; path = ../HomeViewController.h; sourceTree = "<group>"; };
		7A929DB31D44864C004D0406 /* HomeViewController.m */ = {isa = PBXFileReference; fileEncoding = 4; lastKnownFileType = sourcecode.c.objc; name = HomeViewController.m; path = ../HomeViewController.m; sourceTree = "<group>"; };
/* End PBXFileReference section */

/* Begin PBXFrameworksBuildPhase section */
		7A929D791D4480F9004D0406 /* Frameworks */ = {
			isa = PBXFrameworksBuildPhase;
			buildActionMask = 2147483647;
			files = (
			);
			runOnlyForDeploymentPostprocessing = 0;
		};
		7A929D921D4480FA004D0406 /* Frameworks */ = {
			isa = PBXFrameworksBuildPhase;
			buildActionMask = 2147483647;
			files = (
			);
			runOnlyForDeploymentPostprocessing = 0;
		};
		7A929D9D1D4480FA004D0406 /* Frameworks */ = {
			isa = PBXFrameworksBuildPhase;
			buildActionMask = 2147483647;
			files = (
			);
			runOnlyForDeploymentPostprocessing = 0;
		};
/* End PBXFrameworksBuildPhase section */

/* Begin PBXGroup section */
		7A929D731D4480F9004D0406 = {
			isa = PBXGroup;
			children = (
				7A929D7E1D4480F9004D0406 /* ScrollerView Layout */,
				7A929D981D4480FA004D0406 /* ScrollerView LayoutTests */,
				7A929DA31D4480FA004D0406 /* ScrollerView LayoutUITests */,
				7A929D7D1D4480F9004D0406 /* Products */,
			);
			sourceTree = "<group>";
		};
		7A929D7D1D4480F9004D0406 /* Products */ = {
			isa = PBXGroup;
			children = (
				7A929D7C1D4480F9004D0406 /* ScrollerView Layout.app */,
				7A929D951D4480FA004D0406 /* ScrollerView LayoutTests.xctest */,
				7A929DA01D4480FA004D0406 /* ScrollerView LayoutUITests.xctest */,
			);
			name = Products;
			sourceTree = "<group>";
		};
		7A929D7E1D4480F9004D0406 /* ScrollerView Layout */ = {
			isa = PBXGroup;
			children = (
				7A929D821D4480F9004D0406 /* AppDelegate.h */,
				7A929D831D4480F9004D0406 /* AppDelegate.m */,
				7A929DB21D44864C004D0406 /* HomeViewController.h */,
				7A929DB31D44864C004D0406 /* HomeViewController.m */,
				7A929D881D4480F9004D0406 /* Main.storyboard */,
				7A929D8B1D4480F9004D0406 /* Assets.xcassets */,
				7A929D8D1D4480F9004D0406 /* LaunchScreen.storyboard */,
				7A929D901D4480FA004D0406 /* Info.plist */,
				7A929D7F1D4480F9004D0406 /* Supporting Files */,
			);
			path = "ScrollerView Layout";
			sourceTree = "<group>";
		};
		7A929D7F1D4480F9004D0406 /* Supporting Files */ = {
			isa = PBXGroup;
			children = (
				7A929D801D4480F9004D0406 /* main.m */,
			);
			name = "Supporting Files";
			sourceTree = "<group>";
		};
		7A929D981D4480FA004D0406 /* ScrollerView LayoutTests */ = {
			isa = PBXGroup;
			children = (
				7A929D991D4480FA004D0406 /* ScrollerView_LayoutTests.m */,
				7A929D9B1D4480FA004D0406 /* Info.plist */,
			);
			path = "ScrollerView LayoutTests";
			sourceTree = "<group>";
		};
		7A929DA31D4480FA004D0406 /* ScrollerView LayoutUITests */ = {
			isa = PBXGroup;
			children = (
				7A929DA41D4480FA004D0406 /* ScrollerView_LayoutUITests.m */,
				7A929DA61D4480FA004D0406 /* Info.plist */,
			);
			path = "ScrollerView LayoutUITests";
			sourceTree = "<group>";
		};
/* End PBXGroup section */

/* Begin PBXNativeTarget section */
		7A929D7B1D4480F9004D0406 /* ScrollerView Layout */ = {
			isa = PBXNativeTarget;
			buildConfigurationList = 7A929DA91D4480FA004D0406 /* Build configuration list for PBXNativeTarget "ScrollerView Layout" */;
			buildPhases = (
				7A929D781D4480F9004D0406 /* Sources */,
				7A929D791D4480F9004D0406 /* Frameworks */,
				7A929D7A1D4480F9004D0406 /* Resources */,
			);
			buildRules = (
			);
			dependencies = (
			);
			name = "ScrollerView Layout";
			productName = "ScrollerView Layout";
			productReference = 7A929D7C1D4480F9004D0406 /* ScrollerView Layout.app */;
			productType = "com.apple.product-type.application";
		};
		7A929D941D4480FA004D0406 /* ScrollerView LayoutTests */ = {
			isa = PBXNativeTarget;
			buildConfigurationList = 7A929DAC1D4480FA004D0406 /* Build configuration list for PBXNativeTarget "ScrollerView LayoutTests" */;
			buildPhases = (
				7A929D911D4480FA004D0406 /* Sources */,
				7A929D921D4480FA004D0406 /* Frameworks */,
				7A929D931D4480FA004D0406 /* Resources */,
			);
			buildRules = (
			);
			dependencies = (
				7A929D971D4480FA004D0406 /* PBXTargetDependency */,
			);
			name = "ScrollerView LayoutTests";
			productName = "ScrollerView LayoutTests";
			productReference = 7A929D951D4480FA004D0406 /* ScrollerView LayoutTests.xctest */;
			productType = "com.apple.product-type.bundle.unit-test";
		};
		7A929D9F1D4480FA004D0406 /* ScrollerView LayoutUITests */ = {
			isa = PBXNativeTarget;
			buildConfigurationList = 7A929DAF1D4480FA004D0406 /* Build configuration list for PBXNativeTarget "ScrollerView LayoutUITests" */;
			buildPhases = (
				7A929D9C1D4480FA004D0406 /* Sources */,
				7A929D9D1D4480FA004D0406 /* Frameworks */,
				7A929D9E1D4480FA004D0406 /* Resources */,
			);
			buildRules = (
			);
			dependencies = (
				7A929DA21D4480FA004D0406 /* PBXTargetDependency */,
			);
			name = "ScrollerView LayoutUITests";
			productName = "ScrollerView LayoutUITests";
			productReference = 7A929DA01D4480FA004D0406 /* ScrollerView LayoutUITests.xctest */;
			productType = "com.apple.product-type.bundle.ui-testing";
		};
/* End PBXNativeTarget section */

/* Begin PBXProject section */
		7A929D741D4480F9004D0406 /* Project object */ = {
			isa = PBXProject;
			attributes = {
				LastUpgradeCheck = 0720;
				ORGANIZATIONNAME = aloes;
				TargetAttributes = {
					7A929D7B1D4480F9004D0406 = {
						CreatedOnToolsVersion = 7.2.1;
						DevelopmentTeam = 99S9K8S3JZ;
					};
					7A929D941D4480FA004D0406 = {
						CreatedOnToolsVersion = 7.2.1;
						DevelopmentTeam = 99S9K8S3JZ;
						TestTargetID = 7A929D7B1D4480F9004D0406;
					};
					7A929D9F1D4480FA004D0406 = {
						CreatedOnToolsVersion = 7.2.1;
						DevelopmentTeam = 99S9K8S3JZ;
						TestTargetID = 7A929D7B1D4480F9004D0406;
					};
				};
			};
			buildConfigurationList = 7A929D771D4480F9004D0406 /* Build configuration list for PBXProject "ScrollerView Layout" */;
			compatibilityVersion = "Xcode 3.2";
			developmentRegion = English;
			hasScannedForEncodings = 0;
			knownRegions = (
				en,
				Base,
			);
			mainGroup = 7A929D731D4480F9004D0406;
			productRefGroup = 7A929D7D1D4480F9004D0406 /* Products */;
			projectDirPath = "";
			projectRoot = "";
			targets = (
				7A929D7B1D4480F9004D0406 /* ScrollerView Layout */,
				7A929D941D4480FA004D0406 /* ScrollerView LayoutTests */,
				7A929D9F1D4480FA004D0406 /* ScrollerView LayoutUITests */,
			);
		};
/* End PBXProject section */

/* Begin PBXResourcesBuildPhase section */
		7A929D7A1D4480F9004D0406 /* Resources */ = {
			isa = PBXResourcesBuildPhase;
			buildActionMask = 2147483647;
			files = (
				7A929D8F1D4480F9004D0406 /* LaunchScreen.storyboard in Resources */,
				7A929D8C1D4480F9004D0406 /* Assets.xcassets in Resources */,
				7A929D8A1D4480F9004D0406 /* Main.storyboard in Resources */,
			);
			runOnlyForDeploymentPostprocessing = 0;
		};
		7A929D931D4480FA004D0406 /* Resources */ = {
			isa = PBXResourcesBuildPhase;
			buildActionMask = 2147483647;
			files = (
			);
			runOnlyForDeploymentPostprocessing = 0;
		};
		7A929D9E1D4480FA004D0406 /* Resources */ = {
			isa = PBXResourcesBuildPhase;
			buildActionMask = 2147483647;
			files = (
			);
			runOnlyForDeploymentPostprocessing = 0;
		};
/* End PBXResourcesBuildPhase section */

/* Begin PBXSourcesBuildPhase section */
		7A929D781D4480F9004D0406 /* Sources */ = {
			isa = PBXSourcesBuildPhase;
			buildActionMask = 2147483647;
			files = (
				7A929D841D4480F9004D0406 /* AppDelegate.m in Sources */,
				7A929D811D4480F9004D0406 /* main.m in Sources */,
				7A929DB41D44864C004D0406 /* HomeViewController.m in Sources */,
			);
			runOnlyForDeploymentPostprocessing = 0;
		};
		7A929D911D4480FA004D0406 /* Sources */ = {
			isa = PBXSourcesBuildPhase;
			buildActionMask = 2147483647;
			files = (
				7A929D9A1D4480FA004D0406 /* ScrollerView_LayoutTests.m in Sources */,
			);
			runOnlyForDeploymentPostprocessing = 0;
		};
		7A929D9C1D4480FA004D0406 /* Sources */ = {
			isa = PBXSourcesBuildPhase;
			buildActionMask = 2147483647;
			files = (
				7A929DA51D4480FA004D0406 /* ScrollerView_LayoutUITests.m in Sources */,
			);
			runOnlyForDeploymentPostprocessing = 0;
		};
/* End PBXSourcesBuildPhase section */

/* Begin PBXTargetDependency section */
		7A929D971D4480FA004D0406 /* PBXTargetDependency */ = {
			isa = PBXTargetDependency;
			target = 7A929D7B1D4480F9004D0406 /* ScrollerView Layout */;
			targetProxy = 7A929D961D4480FA004D0406 /* PBXContainerItemProxy */;
		};
		7A929DA21D4480FA004D0406 /* PBXTargetDependency */ = {
			isa = PBXTargetDependency;
			target = 7A929D7B1D4480F9004D0406 /* ScrollerView Layout */;
			targetProxy = 7A929DA11D4480FA004D0406 /* PBXContainerItemProxy */;
		};
/* End PBXTargetDependency section */

/* Begin PBXVariantGroup section */
		7A929D881D4480F9004D0406 /* Main.storyboard */ = {
			isa = PBXVariantGroup;
			children = (
				7A929D891D4480F9004D0406 /* Base */,
			);
			name = Main.storyboard;
			sourceTree = "<group>";
		};
		7A929D8D1D4480F9004D0406 /* LaunchScreen.storyboard */ = {
			isa = PBXVariantGroup;
			children = (
				7A929D8E1D4480F9004D0406 /* Base */,
			);
			name = LaunchScreen.storyboard;
			sourceTree = "<group>";
		};
/* End PBXVariantGroup section */

/* Begin XCBuildConfiguration section */
		7A929DA71D4480FA004D0406 /* Debug */ = {
			isa = XCBuildConfiguration;
			buildSettings = {
				ALWAYS_SEARCH_USER_PATHS = NO;
				CLANG_CXX_LANGUAGE_STANDARD = "gnu++0x";
				CLANG_CXX_LIBRARY = "libc++";
				CLANG_ENABLE_MODULES = YES;
				CLANG_ENABLE_OBJC_ARC = YES;
				CLANG_WARN_BOOL_CONVERSION = YES;
				CLANG_WARN_CONSTANT_CONVERSION = YES;
				CLANG_WARN_DIRECT_OBJC_ISA_USAGE = YES_ERROR;
				CLANG_WARN_EMPTY_BODY = YES;
				CLANG_WARN_ENUM_CONVERSION = YES;
				CLANG_WARN_INT_CONVERSION = YES;
				CLANG_WARN_OBJC_ROOT_CLASS = YES_ERROR;
				CLANG_WARN_UNREACHABLE_CODE = YES;
				CLANG_WARN__DUPLICATE_METHOD_MATCH = YES;
				"CODE_SIGN_IDENTITY[sdk=iphoneos*]" = "iPhone Developer";
				COPY_PHASE_STRIP = NO;
				DEBUG_INFORMATION_FORMAT = dwarf;
				ENABLE_STRICT_OBJC_MSGSEND = YES;
				ENABLE_TESTABILITY = YES;
				GCC_C_LANGUAGE_STANDARD = gnu99;
				GCC_DYNAMIC_NO_PIC = NO;
				GCC_NO_COMMON_BLOCKS = YES;
				GCC_OPTIMIZATION_LEVEL = 0;
				GCC_PREPROCESSOR_DEFINITIONS = (
					"DEBUG=1",
					"$(inherited)",
				);
				GCC_WARN_64_TO_32_BIT_CONVERSION = YES;
				GCC_WARN_ABOUT_RETURN_TYPE = YES_ERROR;
				GCC_WARN_UNDECLARED_SELECTOR = YES;
				GCC_WARN_UNINITIALIZED_AUTOS = YES_AGGRESSIVE;
				GCC_WARN_UNUSED_FUNCTION = YES;
				GCC_WARN_UNUSED_VARIABLE = YES;
				IPHONEOS_DEPLOYMENT_TARGET = 9.2;
				MTL_ENABLE_DEBUG_INFO = YES;
				ONLY_ACTIVE_ARCH = YES;
				SDKROOT = iphoneos;
			};
			name = Debug;
		};
		7A929DA81D4480FA004D0406 /* Release */ = {
			isa = XCBuildConfiguration;
			buildSettings = {
				ALWAYS_SEARCH_USER_PATHS = NO;
				CLANG_CXX_LANGUAGE_STANDARD = "gnu++0x";
				CLANG_CXX_LIBRARY = "libc++";
				CLANG_ENABLE_MODULES = YES;
				CLANG_ENABLE_OBJC_ARC = YES;
				CLANG_WARN_BOOL_CONVERSION = YES;
				CLANG_WARN_CONSTANT_CONVERSION = YES;
				CLANG_WARN_DIRECT_OBJC_ISA_USAGE = YES_ERROR;
				CLANG_WARN_EMPTY_BODY = YES;
				CLANG_WARN_ENUM_CONVERSION = YES;
				CLANG_WARN_INT_CONVERSION = YES;
				CLANG_WARN_OBJC_ROOT_CLASS = YES_ERROR;
				CLANG_WARN_UNREACHABLE_CODE = YES;
				CLANG_WARN__DUPLICATE_METHOD_MATCH = YES;
				"CODE_SIGN_IDENTITY[sdk=iphoneos*]" = "iPhone Developer";
				COPY_PHASE_STRIP = NO;
				DEBUG_INFORMATION_FORMAT = "dwarf-with-dsym";
				ENABLE_NS_ASSERTIONS = NO;
				ENABLE_STRICT_OBJC_MSGSEND = YES;
				GCC_C_LANGUAGE_STANDARD = gnu99;
				GCC_NO_COMMON_BLOCKS = YES;
				GCC_WARN_64_TO_32_BIT_CONVERSION = YES;
				GCC_WARN_ABOUT_RETURN_TYPE = YES_ERROR;
				GCC_WARN_UNDECLARED_SELECTOR = YES;
				GCC_WARN_UNINITIALIZED_AUTOS = YES_AGGRESSIVE;
				GCC_WARN_UNUSED_FUNCTION = YES;
				GCC_WARN_UNUSED_VARIABLE = YES;
				IPHONEOS_DEPLOYMENT_TARGET = 9.2;
				MTL_ENABLE_DEBUG_INFO = NO;
				SDKROOT = iphoneos;
				VALIDATE_PRODUCT = YES;
			};
			name = Release;
		};
		7A929DAA1D4480FA004D0406 /* Debug */ = {
			isa = XCBuildConfiguration;
			buildSettings = {
				ASSETCATALOG_COMPILER_APPICON_NAME = AppIcon;
				INFOPLIST_FILE = "ScrollerView Layout/Info.plist";
				LD_RUNPATH_SEARCH_PATHS = "$(inherited) @executable_path/Frameworks";
				PRODUCT_BUNDLE_IDENTIFIER = "aloes.ScrollerView-Layout";
				PRODUCT_NAME = "$(TARGET_NAME)";
			};
			name = Debug;
		};
		7A929DAB1D4480FA004D0406 /* Release */ = {
			isa = XCBuildConfiguration;
			buildSettings = {
				ASSETCATALOG_COMPILER_APPICON_NAME = AppIcon;
				INFOPLIST_FILE = "ScrollerView Layout/Info.plist";
				LD_RUNPATH_SEARCH_PATHS = "$(inherited) @executable_path/Frameworks";
				PRODUCT_BUNDLE_IDENTIFIER = "aloes.ScrollerView-Layout";
				PRODUCT_NAME = "$(TARGET_NAME)";
			};
			name = Release;
		};
		7A929DAD1D4480FA004D0406 /* Debug */ = {
			isa = XCBuildConfiguration;
			buildSettings = {
				BUNDLE_LOADER = "$(TEST_HOST)";
				INFOPLIST_FILE = "ScrollerView LayoutTests/Info.plist";
				LD_RUNPATH_SEARCH_PATHS = "$(inherited) @executable_path/Frameworks @loader_path/Frameworks";
				PRODUCT_BUNDLE_IDENTIFIER = "aloes.ScrollerView-LayoutTests";
				PRODUCT_NAME = "$(TARGET_NAME)";
				TEST_HOST = "$(BUILT_PRODUCTS_DIR)/ScrollerView Layout.app/ScrollerView Layout";
			};
			name = Debug;
		};
		7A929DAE1D4480FA004D0406 /* Release */ = {
			isa = XCBuildConfiguration;
			buildSettings = {
				BUNDLE_LOADER = "$(TEST_HOST)";
				INFOPLIST_FILE = "ScrollerView LayoutTests/Info.plist";
				LD_RUNPATH_SEARCH_PATHS = "$(inherited) @executable_path/Frameworks @loader_path/Frameworks";
				PRODUCT_BUNDLE_IDENTIFIER = "aloes.ScrollerView-LayoutTests";
				PRODUCT_NAME = "$(TARGET_NAME)";
				TEST_HOST = "$(BUILT_PRODUCTS_DIR)/ScrollerView Layout.app/ScrollerView Layout";
			};
			name = Release;
		};
		7A929DB01D4480FA004D0406 /* Debug */ = {
			isa = XCBuildConfiguration;
			buildSettings = {
				INFOPLIST_FILE = "ScrollerView LayoutUITests/Info.plist";
				LD_RUNPATH_SEARCH_PATHS = "$(inherited) @executable_path/Frameworks @loader_path/Frameworks";
				PRODUCT_BUNDLE_IDENTIFIER = "aloes.ScrollerView-LayoutUITests";
				PRODUCT_NAME = "$(TARGET_NAME)";
				TEST_TARGET_NAME = "ScrollerView Layout";
				USES_XCTRUNNER = YES;
			};
			name = Debug;
		};
		7A929DB11D4480FA004D0406 /* Release */ = {
			isa = XCBuildConfiguration;
			buildSettings = {
				INFOPLIST_FILE = "ScrollerView LayoutUITests/Info.plist";
				LD_RUNPATH_SEARCH_PATHS = "$(inherited) @executable_path/Frameworks @loader_path/Frameworks";
				PRODUCT_BUNDLE_IDENTIFIER = "aloes.ScrollerView-LayoutUITests";
				PRODUCT_NAME = "$(TARGET_NAME)";
				TEST_TARGET_NAME = "ScrollerView Layout";
				USES_XCTRUNNER = YES;
			};
			name = Release;
		};
/* End XCBuildConfiguration section */

/* Begin XCConfigurationList section */
		7A929D771D4480F9004D0406 /* Build configuration list for PBXProject "ScrollerView Layout" */ = {
			isa = XCConfigurationList;
			buildConfigurations = (
				7A929DA71D4480FA004D0406 /* Debug */,
				7A929DA81D4480FA004D0406 /* Release */,
			);
			defaultConfigurationIsVisible = 0;
			defaultConfigurationName = Release;
		};
		7A929DA91D4480FA004D0406 /* Build configuration list for PBXNativeTarget "ScrollerView Layout" */ = {
			isa = XCConfigurationList;
			buildConfigurations = (
				7A929DAA1D4480FA004D0406 /* Debug */,
				7A929DAB1D4480FA004D0406 /* Release */,
			);
			defaultConfigurationIsVisible = 0;
		};
		7A929DAC1D4480FA004D0406 /* Build configuration list for PBXNativeTarget "ScrollerView LayoutTests" */ = {
			isa = XCConfigurationList;
			buildConfigurations = (
				7A929DAD1D4480FA004D0406 /* Debug */,
				7A929DAE1D4480FA004D0406 /* Release */,
			);
			defaultConfigurationIsVisible = 0;
		};
		7A929DAF1D4480FA004D0406 /* Build configuration list for PBXNativeTarget "ScrollerView LayoutUITests" */ = {
			isa = XCConfigurationList;
			buildConfigurations = (
				7A929DB01D4480FA004D0406 /* Debug */,
				7A929DB11D4480FA004D0406 /* Release */,
			);
			defaultConfigurationIsVisible = 0;
		};
/* End XCConfigurationList section */
	};
	rootObject = 7A929D741D4480F9004D0406 /* Project object */;
}
